// !$*UTF8*$!
{
	archiveVersion = 1;
	classes = {
	};
	objectVersion = 46;
	objects = {

/* Begin PBXBuildFile section */
		02F33B071B79C94E00A2DFA0 /* main.m in Sources */ = {isa = PBXBuildFile; fileRef = 02F33B061B79C94E00A2DFA0 /* main.m */; };
		02F33B0A1B79C94E00A2DFA0 /* AppDelegate.m in Sources */ = {isa = PBXBuildFile; fileRef = 02F33B091B79C94E00A2DFA0 /* AppDelegate.m */; };
		02F33B0D1B79C94E00A2DFA0 /* edrs.xcdatamodeld in Sources */ = {isa = PBXBuildFile; fileRef = 02F33B0B1B79C94E00A2DFA0 /* edrs.xcdatamodeld */; };
		02F33B101B79C94E00A2DFA0 /* ViewController.m in Sources */ = {isa = PBXBuildFile; fileRef = 02F33B0F1B79C94E00A2DFA0 /* ViewController.m */; };
		02F33B131B79C94E00A2DFA0 /* Main.storyboard in Resources */ = {isa = PBXBuildFile; fileRef = 02F33B111B79C94E00A2DFA0 /* Main.storyboard */; };
		02F33B151B79C94E00A2DFA0 /* Images.xcassets in Resources */ = {isa = PBXBuildFile; fileRef = 02F33B141B79C94E00A2DFA0 /* Images.xcassets */; };
		02F33B181B79C94E00A2DFA0 /* LaunchScreen.xib in Resources */ = {isa = PBXBuildFile; fileRef = 02F33B161B79C94E00A2DFA0 /* LaunchScreen.xib */; };
		02F33B241B79C94E00A2DFA0 /* edrsTests.m in Sources */ = {isa = PBXBuildFile; fileRef = 02F33B231B79C94E00A2DFA0 /* edrsTests.m */; };
/* End PBXBuildFile section */

/* Begin PBXContainerItemProxy section */
		02F33B1E1B79C94E00A2DFA0 /* PBXContainerItemProxy */ = {
			isa = PBXContainerItemProxy;
			containerPortal = 02F33AF91B79C94E00A2DFA0 /* Project object */;
			proxyType = 1;
			remoteGlobalIDString = 02F33B001B79C94E00A2DFA0;
			remoteInfo = edrs;
		};
/* End PBXContainerItemProxy section */

/* Begin PBXFileReference section */
		02F33B011B79C94E00A2DFA0 /* edrs.app */ = {isa = PBXFileReference; explicitFileType = wrapper.application; includeInIndex = 0; path = edrs.app; sourceTree = BUILT_PRODUCTS_DIR; };
		02F33B051B79C94E00A2DFA0 /* Info.plist */ = {isa = PBXFileReference; lastKnownFileType = text.plist.xml; path = Info.plist; sourceTree = "<group>"; };
		02F33B061B79C94E00A2DFA0 /* main.m */ = {isa = PBXFileReference; lastKnownFileType = sourcecode.c.objc; path = main.m; sourceTree = "<group>"; };
		02F33B081B79C94E00A2DFA0 /* AppDelegate.h */ = {isa = PBXFileReference; lastKnownFileType = sourcecode.c.h; path = AppDelegate.h; sourceTree = "<group>"; };
		02F33B091B79C94E00A2DFA0 /* AppDelegate.m */ = {isa = PBXFileReference; lastKnownFileType = sourcecode.c.objc; path = AppDelegate.m; sourceTree = "<group>"; };
		02F33B0C1B79C94E00A2DFA0 /* edrs.xcdatamodel */ = {isa = PBXFileReference; lastKnownFileType = wrapper.xcdatamodel; path = edrs.xcdatamodel; sourceTree = "<group>"; };
		02F33B0E1B79C94E00A2DFA0 /* ViewController.h */ = {isa = PBXFileReference; lastKnownFileType = sourcecode.c.h; path = ViewController.h; sourceTree = "<group>"; };
		02F33B0F1B79C94E00A2DFA0 /* ViewController.m */ = {isa = PBXFileReference; lastKnownFileType = sourcecode.c.objc; path = ViewController.m; sourceTree = "<group>"; };
		02F33B121B79C94E00A2DFA0 /* Base */ = {isa = PBXFileReference; lastKnownFileType = file.storyboard; name = Base; path = Base.lproj/Main.storyboard; sourceTree = "<group>"; };
		02F33B141B79C94E00A2DFA0 /* Images.xcassets */ = {isa = PBXFileReference; lastKnownFileType = folder.assetcatalog; path = Images.xcassets; sourceTree = "<group>"; };
		02F33B171B79C94E00A2DFA0 /* Base */ = {isa = PBXFileReference; lastKnownFileType = file.xib; name = Base; path = Base.lproj/LaunchScreen.xib; sourceTree = "<group>"; };
		02F33B1D1B79C94E00A2DFA0 /* edrsTests.xctest */ = {isa = PBXFileReference; explicitFileType = wrapper.cfbundle; includeInIndex = 0; path = edrsTests.xctest; sourceTree = BUILT_PRODUCTS_DIR; };
		02F33B221B79C94E00A2DFA0 /* Info.plist */ = {isa = PBXFileReference; lastKnownFileType = text.plist.xml; path = Info.plist; sourceTree = "<group>"; };
		02F33B231B79C94E00A2DFA0 /* edrsTests.m */ = {isa = PBXFileReference; lastKnownFileType = sourcecode.c.objc; path = edrsTests.m; sourceTree = "<group>"; };
/* End PBXFileReference section */

/* Begin PBXFrameworksBuildPhase section */
		02F33AFE1B79C94E00A2DFA0 /* Frameworks */ = {
			isa = PBXFrameworksBuildPhase;
			buildActionMask = 2147483647;
			files = (
			);
			runOnlyForDeploymentPostprocessing = 0;
		};
		02F33B1A1B79C94E00A2DFA0 /* Frameworks */ = {
			isa = PBXFrameworksBuildPhase;
			buildActionMask = 2147483647;
			files = (
			);
			runOnlyForDeploymentPostprocessing = 0;
		};
/* End PBXFrameworksBuildPhase section */

/* Begin PBXGroup section */
		02F33AF81B79C94E00A2DFA0 = {
			isa = PBXGroup;
			children = (
				02F33B031B79C94E00A2DFA0 /* edrs */,
				02F33B201B79C94E00A2DFA0 /* edrsTests */,
				02F33B021B79C94E00A2DFA0 /* Products */,
			);
			sourceTree = "<group>";
		};
		02F33B021B79C94E00A2DFA0 /* Products */ = {
			isa = PBXGroup;
			children = (
				02F33B011B79C94E00A2DFA0 /* edrs.app */,
				02F33B1D1B79C94E00A2DFA0 /* edrsTests.xctest */,
			);
			name = Products;
			sourceTree = "<group>";
		};
		02F33B031B79C94E00A2DFA0 /* edrs */ = {
			isa = PBXGroup;
			children = (
				02F33B081B79C94E00A2DFA0 /* AppDelegate.h */,
				02F33B091B79C94E00A2DFA0 /* AppDelegate.m */,
				02F33B0E1B79C94E00A2DFA0 /* ViewController.h */,
				02F33B0F1B79C94E00A2DFA0 /* ViewController.m */,
				02F33B111B79C94E00A2DFA0 /* Main.storyboard */,
				02F33B141B79C94E00A2DFA0 /* Images.xcassets */,
				02F33B161B79C94E00A2DFA0 /* LaunchScreen.xib */,
				02F33B0B1B79C94E00A2DFA0 /* edrs.xcdatamodeld */,
				02F33B041B79C94E00A2DFA0 /* Supporting Files */,
			);
			path = edrs;
			sourceTree = "<group>";
		};
		02F33B041B79C94E00A2DFA0 /* Supporting Files */ = {
			isa = PBXGroup;
			children = (
				02F33B051B79C94E00A2DFA0 /* Info.plist */,
				02F33B061B79C94E00A2DFA0 /* main.m */,
			);
			name = "Supporting Files";
			sourceTree = "<group>";
		};
		02F33B201B79C94E00A2DFA0 /* edrsTests */ = {
			isa = PBXGroup;
			children = (
				02F33B231B79C94E00A2DFA0 /* edrsTests.m */,
				02F33B211B79C94E00A2DFA0 /* Supporting Files */,
			);
			path = edrsTests;
			sourceTree = "<group>";
		};
		02F33B211B79C94E00A2DFA0 /* Supporting Files */ = {
			isa = PBXGroup;
			children = (
				02F33B221B79C94E00A2DFA0 /* Info.plist */,
			);
			name = "Supporting Files";
			sourceTree = "<group>";
		};
/* End PBXGroup section */

/* Begin PBXNativeTarget section */
		02F33B001B79C94E00A2DFA0 /* edrs */ = {
			isa = PBXNativeTarget;
			buildConfigurationList = 02F33B271B79C94E00A2DFA0 /* Build configuration list for PBXNativeTarget "edrs" */;
			buildPhases = (
				02F33AFD1B79C94E00A2DFA0 /* Sources */,
				02F33AFE1B79C94E00A2DFA0 /* Frameworks */,
				02F33AFF1B79C94E00A2DFA0 /* Resources */,
			);
			buildRules = (
			);
			dependencies = (
			);
			name = edrs;
			productName = edrs;
			productReference = 02F33B011B79C94E00A2DFA0 /* edrs.app */;
			productType = "com.apple.product-type.application";
		};
		02F33B1C1B79C94E00A2DFA0 /* edrsTests */ = {
			isa = PBXNativeTarget;
			buildConfigurationList = 02F33B2A1B79C94E00A2DFA0 /* Build configuration list for PBXNativeTarget "edrsTests" */;
			buildPhases = (
				02F33B191B79C94E00A2DFA0 /* Sources */,
				02F33B1A1B79C94E00A2DFA0 /* Frameworks */,
				02F33B1B1B79C94E00A2DFA0 /* Resources */,
			);
			buildRules = (
			);
			dependencies = (
				02F33B1F1B79C94E00A2DFA0 /* PBXTargetDependency */,
			);
			name = edrsTests;
			productName = edrsTests;
			productReference = 02F33B1D1B79C94E00A2DFA0 /* edrsTests.xctest */;
			productType = "com.apple.product-type.bundle.unit-test";
		};
/* End PBXNativeTarget section */

/* Begin PBXProject section */
		02F33AF91B79C94E00A2DFA0 /* Project object */ = {
			isa = PBXProject;
			attributes = {
				LastUpgradeCheck = 0640;
				ORGANIZATIONNAME = julyyu;
				TargetAttributes = {
					02F33B001B79C94E00A2DFA0 = {
						CreatedOnToolsVersion = 6.4;
					};
					02F33B1C1B79C94E00A2DFA0 = {
						CreatedOnToolsVersion = 6.4;
						TestTargetID = 02F33B001B79C94E00A2DFA0;
					};
				};
			};
			buildConfigurationList = 02F33AFC1B79C94E00A2DFA0 /* Build configuration list for PBXProject "edrs" */;
			compatibilityVersion = "Xcode 3.2";
			developmentRegion = English;
			hasScannedForEncodings = 0;
			knownRegions = (
				en,
				Base,
			);
			mainGroup = 02F33AF81B79C94E00A2DFA0;
			productRefGroup = 02F33B021B79C94E00A2DFA0 /* Products */;
			projectDirPath = "";
			projectRoot = "";
			targets = (
				02F33B001B79C94E00A2DFA0 /* edrs */,
				02F33B1C1B79C94E00A2DFA0 /* edrsTests */,
			);
		};
/* End PBXProject section */

/* Begin PBXResourcesBuildPhase section */
		02F33AFF1B79C94E00A2DFA0 /* Resources */ = {
			isa = PBXResourcesBuildPhase;
			buildActionMask = 2147483647;
			files = (
				02F33B131B79C94E00A2DFA0 /* Main.storyboard in Resources */,
				02F33B181B79C94E00A2DFA0 /* LaunchScreen.xib in Resources */,
				02F33B151B79C94E00A2DFA0 /* Images.xcassets in Resources */,
			);
			runOnlyForDeploymentPostprocessing = 0;
		};
		02F33B1B1B79C94E00A2DFA0 /* Resources */ = {
			isa = PBXResourcesBuildPhase;
			buildActionMask = 2147483647;
			files = (
			);
			runOnlyForDeploymentPostprocessing = 0;
		};
/* End PBXResourcesBuildPhase section */

/* Begin PBXSourcesBuildPhase section */
		02F33AFD1B79C94E00A2DFA0 /* Sources */ = {
			isa = PBXSourcesBuildPhase;
			buildActionMask = 2147483647;
			files = (
				02F33B0D1B79C94E00A2DFA0 /* edrs.xcdatamodeld in Sources */,
				02F33B0A1B79C94E00A2DFA0 /* AppDelegate.m in Sources */,
				02F33B101B79C94E00A2DFA0 /* ViewController.m in Sources */,
				02F33B071B79C94E00A2DFA0 /* main.m in Sources */,
			);
			runOnlyForDeploymentPostprocessing = 0;
		};
		02F33B191B79C94E00A2DFA0 /* Sources */ = {
			isa = PBXSourcesBuildPhase;
			buildActionMask = 2147483647;
			files = (
				02F33B241B79C94E00A2DFA0 /* edrsTests.m in Sources */,
			);
			runOnlyForDeploymentPostprocessing = 0;
		};
/* End PBXSourcesBuildPhase section */

/* Begin PBXTargetDependency section */
		02F33B1F1B79C94E00A2DFA0 /* PBXTargetDependency */ = {
			isa = PBXTargetDependency;
			target = 02F33B001B79C94E00A2DFA0 /* edrs */;
			targetProxy = 02F33B1E1B79C94E00A2DFA0 /* PBXContainerItemProxy */;
		};
/* End PBXTargetDependency section */

/* Begin PBXVariantGroup section */
		02F33B111B79C94E00A2DFA0 /* Main.storyboard */ = {
			isa = PBXVariantGroup;
			children = (
				02F33B121B79C94E00A2DFA0 /* Base */,
			);
			name = Main.storyboard;
			sourceTree = "<group>";
		};
		02F33B161B79C94E00A2DFA0 /* LaunchScreen.xib */ = {
			isa = PBXVariantGroup;
			children = (
				02F33B171B79C94E00A2DFA0 /* Base */,
			);
			name = LaunchScreen.xib;
			sourceTree = "<group>";
		};
/* End PBXVariantGroup section */

/* Begin XCBuildConfiguration section */
		02F33B251B79C94E00A2DFA0 /* Debug */ = {
			isa = XCBuildConfiguration;
			buildSettings = {
				ALWAYS_SEARCH_USER_PATHS = NO;
				CLANG_CXX_LANGUAGE_STANDARD = "gnu++0x";
				CLANG_CXX_LIBRARY = "libc++";
				CLANG_ENABLE_MODULES = YES;
				CLANG_ENABLE_OBJC_ARC = YES;
				CLANG_WARN_BOOL_CONVERSION = YES;
				CLANG_WARN_CONSTANT_CONVERSION = YES;
				CLANG_WARN_DIRECT_OBJC_ISA_USAGE = YES_ERROR;
				CLANG_WARN_EMPTY_BODY = YES;
				CLANG_WARN_ENUM_CONVERSION = YES;
				CLANG_WARN_INT_CONVERSION = YES;
				CLANG_WARN_OBJC_ROOT_CLASS = YES_ERROR;
				CLANG_WARN_UNREACHABLE_CODE = YES;
				CLANG_WARN__DUPLICATE_METHOD_MATCH = YES;
				"CODE_SIGN_IDENTITY[sdk=iphoneos*]" = "iPhone Developer";
				COPY_PHASE_STRIP = NO;
				DEBUG_INFORMATION_FORMAT = "dwarf-with-dsym";
				ENABLE_STRICT_OBJC_MSGSEND = YES;
				GCC_C_LANGUAGE_STANDARD = gnu99;
				GCC_DYNAMIC_NO_PIC = NO;
				GCC_NO_COMMON_BLOCKS = YES;
				GCC_OPTIMIZATION_LEVEL = 0;
				GCC_PREPROCESSOR_DEFINITIONS = (
					"DEBUG=1",
					"$(inherited)",
				);
				GCC_SYMBOLS_PRIVATE_EXTERN = NO;
				GCC_WARN_64_TO_32_BIT_CONVERSION = YES;
				GCC_WARN_ABOUT_RETURN_TYPE = YES_ERROR;
				GCC_WARN_UNDECLARED_SELECTOR = YES;
				GCC_WARN_UNINITIALIZED_AUTOS = YES_AGGRESSIVE;
				GCC_WARN_UNUSED_FUNCTION = YES;
				GCC_WARN_UNUSED_VARIABLE = YES;
				IPHONEOS_DEPLOYMENT_TARGET = 8.4;
				MTL_ENABLE_DEBUG_INFO = YES;
				ONLY_ACTIVE_ARCH = YES;
				SDKROOT = iphoneos;
				TARGETED_DEVICE_FAMILY = "1,2";
			};
			name = Debug;
		};
		02F33B261B79C94E00A2DFA0 /* Release */ = {
			isa = XCBuildConfiguration;
			buildSettings = {
				ALWAYS_SEARCH_USER_PATHS = NO;
				CLANG_CXX_LANGUAGE_STANDARD = "gnu++0x";
				CLANG_CXX_LIBRARY = "libc++";
				CLANG_ENABLE_MODULES = YES;
				CLANG_ENABLE_OBJC_ARC = YES;
				CLANG_WARN_BOOL_CONVERSION = YES;
				CLANG_WARN_CONSTANT_CONVERSION = YES;
				CLANG_WARN_DIRECT_OBJC_ISA_USAGE = YES_ERROR;
				CLANG_WARN_EMPTY_BODY = YES;
				CLANG_WARN_ENUM_CONVERSION = YES;
				CLANG_WARN_INT_CONVERSION = YES;
				CLANG_WARN_OBJC_ROOT_CLASS = YES_ERROR;
				CLANG_WARN_UNREACHABLE_CODE = YES;
				CLANG_WARN__DUPLICATE_METHOD_MATCH = YES;
				"CODE_SIGN_IDENTITY[sdk=iphoneos*]" = "iPhone Developer";
				COPY_PHASE_STRIP = NO;
				DEBUG_INFORMATION_FORMAT = "dwarf-with-dsym";
				ENABLE_NS_ASSERTIONS = NO;
				ENABLE_STRICT_OBJC_MSGSEND = YES;
				GCC_C_LANGUAGE_STANDARD = gnu99;
				GCC_NO_COMMON_BLOCKS = YES;
				GCC_WARN_64_TO_32_BIT_CONVERSION = YES;
				GCC_WARN_ABOUT_RETURN_TYPE = YES_ERROR;
				GCC_WARN_UNDECLARED_SELECTOR = YES;
				GCC_WARN_UNINITIALIZED_AUTOS = YES_AGGRESSIVE;
				GCC_WARN_UNUSED_FUNCTION = YES;
				GCC_WARN_UNUSED_VARIABLE = YES;
				IPHONEOS_DEPLOYMENT_TARGET = 8.4;
				MTL_ENABLE_DEBUG_INFO = NO;
				SDKROOT = iphoneos;
				TARGETED_DEVICE_FAMILY = "1,2";
				VALIDATE_PRODUCT = YES;
			};
			name = Release;
		};
		02F33B281B79C94E00A2DFA0 /* Debug */ = {
			isa = XCBuildConfiguration;
			buildSettings = {
				ASSETCATALOG_COMPILER_APPICON_NAME = AppIcon;
				INFOPLIST_FILE = edrs/Info.plist;
				LD_RUNPATH_SEARCH_PATHS = "$(inherited) @executable_path/Frameworks";
				PRODUCT_NAME = "$(TARGET_NAME)";
			};
			name = Debug;
		};
		02F33B291B79C94E00A2DFA0 /* Release */ = {
			isa = XCBuildConfiguration;
			buildSettings = {
				ASSETCATALOG_COMPILER_APPICON_NAME = AppIcon;
				INFOPLIST_FILE = edrs/Info.plist;
				LD_RUNPATH_SEARCH_PATHS = "$(inherited) @executable_path/Frameworks";
				PRODUCT_NAME = "$(TARGET_NAME)";
			};
			name = Release;
		};
		02F33B2B1B79C94E00A2DFA0 /* Debug */ = {
			isa = XCBuildConfiguration;
			buildSettings = {
				BUNDLE_LOADER = "$(TEST_HOST)";
				FRAMEWORK_SEARCH_PATHS = (
					"$(SDKROOT)/Developer/Library/Frameworks",
					"$(inherited)",
				);
				GCC_PREPROCESSOR_DEFINITIONS = (
					"DEBUG=1",
					"$(inherited)",
				);
				INFOPLIST_FILE = edrsTests/Info.plist;
				LD_RUNPATH_SEARCH_PATHS = "$(inherited) @executable_path/Frameworks @loader_path/Frameworks";
				PRODUCT_NAME = "$(TARGET_NAME)";
				TEST_HOST = "$(BUILT_PRODUCTS_DIR)/edrs.app/edrs";
			};
			name = Debug;
		};
		02F33B2C1B79C94E00A2DFA0 /* Release */ = {
			isa = XCBuildConfiguration;
			buildSettings = {
				BUNDLE_LOADER = "$(TEST_HOST)";
				FRAMEWORK_SEARCH_PATHS = (
					"$(SDKROOT)/Developer/Library/Frameworks",
					"$(inherited)",
				);
				INFOPLIST_FILE = edrsTests/Info.plist;
				LD_RUNPATH_SEARCH_PATHS = "$(inherited) @executable_path/Frameworks @loader_path/Frameworks";
				PRODUCT_NAME = "$(TARGET_NAME)";
				TEST_HOST = "$(BUILT_PRODUCTS_DIR)/edrs.app/edrs";
			};
			name = Release;
		};
/* End XCBuildConfiguration section */

/* Begin XCConfigurationList section */
		02F33AFC1B79C94E00A2DFA0 /* Build configuration list for PBXProject "edrs" */ = {
			isa = XCConfigurationList;
			buildConfigurations = (
				02F33B251B79C94E00A2DFA0 /* Debug */,
				02F33B261B79C94E00A2DFA0 /* Release */,
			);
			defaultConfigurationIsVisible = 0;
			defaultConfigurationName = Release;
		};
		02F33B271B79C94E00A2DFA0 /* Build configuration list for PBXNativeTarget "edrs" */ = {
			isa = XCConfigurationList;
			buildConfigurations = (
				02F33B281B79C94E00A2DFA0 /* Debug */,
				02F33B291B79C94E00A2DFA0 /* Release */,
			);
			defaultConfigurationIsVisible = 0;
		};
		02F33B2A1B79C94E00A2DFA0 /* Build configuration list for PBXNativeTarget "edrsTests" */ = {
			isa = XCConfigurationList;
			buildConfigurations = (
				02F33B2B1B79C94E00A2DFA0 /* Debug */,
				02F33B2C1B79C94E00A2DFA0 /* Release */,
			);
			defaultConfigurationIsVisible = 0;
		};
/* End XCConfigurationList section */

/* Begin XCVersionGroup section */
		02F33B0B1B79C94E00A2DFA0 /* edrs.xcdatamodeld */ = {
			isa = XCVersionGroup;
			children = (
				02F33B0C1B79C94E00A2DFA0 /* edrs.xcdatamodel */,
			);
			currentVersion = 02F33B0C1B79C94E00A2DFA0 /* edrs.xcdatamodel */;
			path = edrs.xcdatamodeld;
			sourceTree = "<group>";
			versionGroupType = wrapper.xcdatamodel;
		};
/* End XCVersionGroup section */
	};
	rootObject = 02F33AF91B79C94E00A2DFA0 /* Project object */;
}
